
Microsoft Visual Studio Solution File, Format Version 12.00
# Visual Studio 15
VisualStudioVersion = 15.0.28307.572
MinimumVisualStudioVersion = 10.0.40219.1
Project("{9A19103F-16F7-4668-BE54-9A1E7A4F7556}") = "ProjetoBancoDeItens", "ProjetoBancoDeItens\ProjetoBancoDeItens.csproj", "{43AC1734-EEE5-40E5-8E04-0F642A09B277}"
EndProject
Global
	GlobalSection(SolutionConfigurationPlatforms) = preSolution
		Debug|Any CPU = Debug|Any CPU
		Release|Any CPU = Release|Any CPU
	EndGlobalSection
	GlobalSection(ProjectConfigurationPlatforms) = postSolution
		{43AC1734-EEE5-40E5-8E04-0F642A09B277}.Debug|Any CPU.ActiveCfg = Debug|Any CPU
		{43AC1734-EEE5-40E5-8E04-0F642A09B277}.Debug|Any CPU.Build.0 = Debug|Any CPU
		{43AC1734-EEE5-40E5-8E04-0F642A09B277}.Release|Any CPU.ActiveCfg = Release|Any CPU
		{43AC1734-EEE5-40E5-8E04-0F642A09B277}.Release|Any CPU.Build.0 = Release|Any CPU
	EndGlobalSection
	GlobalSection(SolutionProperties) = preSolution
		HideSolutionNode = FALSE
	EndGlobalSection
	GlobalSection(ExtensibilityGlobals) = postSolution
		SolutionGuid = {A3B665AF-04F9-45E7-83F5-33A755282476}
	EndGlobalSection
EndGlobal
